// !$*UTF8*$!
{
	archiveVersion = 1;
	classes = {
	};
	objectVersion = 77;
	objects = {

/* Begin PBXBuildFile section */
		B40000000000000000000001 /* MapLibre in Frameworks */ = {isa = PBXBuildFile; productRef = B50000000000000000000001 /* MapLibre */; };
/* End PBXBuildFile section */

/* Begin PBXFileReference section */
		B10000000000000000000001 /* MapCanvasSpike.app */ = {isa = PBXFileReference; explicitFileType = wrapper.application; includeInIndex = 0; path = MapCanvasSpike.app; sourceTree = BUILT_PRODUCTS_DIR; };
		B10000000000000000000010 /* Spike.xcconfig */ = {isa = PBXFileReference; lastKnownFileType = text.xcconfig; path = Spike.xcconfig; sourceTree = "<group>"; };
		B10000000000000000000011 /* README.md */ = {isa = PBXFileReference; lastKnownFileType = net.daringfireball.markdown; path = README.md; sourceTree = "<group>"; };
/* End PBXFileReference section */

/* Begin PBXFileSystemSynchronizedRootGroup section */
		B30000000000000000000001 /* App */ = {
			isa = PBXFileSystemSynchronizedRootGroup;
			path = App;
			sourceTree = "<group>";
		};
/* End PBXFileSystemSynchronizedRootGroup section */

/* Begin PBXFrameworksBuildPhase section */
		B70000000000000000000003 /* Frameworks */ = {
			isa = PBXFrameworksBuildPhase;
			buildActionMask = 2147483647;
			files = (
				B40000000000000000000001 /* MapLibre in Frameworks */,
			);
			runOnlyForDeploymentPostprocessing = 0;
		};
/* End PBXFrameworksBuildPhase section */

/* Begin PBXGroup section */
		B20000000000000000000001 = {
			isa = PBXGroup;
			children = (
				B30000000000000000000001 /* App */,
				B20000000000000000000003 /* Config */,
				B10000000000000000000011 /* README.md */,
				B20000000000000000000002 /* Products */,
			);
			sourceTree = "<group>";
		};
		B20000000000000000000002 /* Products */ = {
			isa = PBXGroup;
			children = (
				B10000000000000000000001 /* MapCanvasSpike.app */,
			);
			name = Products;
			sourceTree = "<group>";
		};
		B20000000000000000000003 /* Config */ = {
			isa = PBXGroup;
			children = (
				B10000000000000000000010 /* Spike.xcconfig */,
			);
			path = Config;
			sourceTree = "<group>";
		};
/* End PBXGroup section */

/* Begin PBXNativeTarget section */
		B80000000000000000000001 /* MapCanvasSpike */ = {
			isa = PBXNativeTarget;
			buildConfigurationList = BA0000000000000000000002 /* Build configuration list for PBXNativeTarget "MapCanvasSpike" */;
			buildPhases = (
				B70000000000000000000002 /* Sources */,
				B70000000000000000000003 /* Frameworks */,
				B70000000000000000000004 /* Resources */,
			);
			buildRules = (
			);
			dependencies = (
			);
			fileSystemSynchronizedGroups = (
				B30000000000000000000001 /* App */,
			);
			name = MapCanvasSpike;
			packageProductDependencies = (
				B50000000000000000000001 /* MapLibre */,
			);
			productName = MapCanvasSpike;
			productReference = B10000000000000000000001 /* MapCanvasSpike.app */;
			productType = "com.apple.product-type.application";
		};
/* End PBXNativeTarget section */

/* Begin PBXProject section */
		BB0000000000000000000001 /* Project object */ = {
			isa = PBXProject;
			attributes = {
				BuildIndependentTargetsInParallel = 1;
				LastSwiftUpdateCheck = 2600;
				LastUpgradeCheck = 2600;
				TargetAttributes = {
					B80000000000000000000001 = {
						CreatedOnToolsVersion = 26.0;
					};
				};
			};
			buildConfigurationList = BA0000000000000000000001 /* Build configuration list for PBXProject "MapCanvasSpike" */;
			developmentRegion = en;
			hasScannedForEncodings = 0;
			knownRegions = (
				en,
				Base,
			);
			mainGroup = B20000000000000000000001;
			minimizedProjectReferenceProxies = 1;
			packageReferences = (
				B60000000000000000000001 /* XCRemoteSwiftPackageReference "maplibre-gl-native-distribution" */,
			);
			preferredProjectObjectVersion = 77;
			productRefGroup = B20000000000000000000002 /* Products */;
			projectDirPath = "";
			projectRoot = "";
			targets = (
				B80000000000000000000001 /* MapCanvasSpike */,
			);
		};
/* End PBXProject section */

/* Begin PBXResourcesBuildPhase section */
		B70000000000000000000004 /* Resources */ = {
			isa = PBXResourcesBuildPhase;
			buildActionMask = 2147483647;
			files = (
			);
			runOnlyForDeploymentPostprocessing = 0;
		};
/* End PBXResourcesBuildPhase section */

/* Begin PBXSourcesBuildPhase section */
		B70000000000000000000002 /* Sources */ = {
			isa = PBXSourcesBuildPhase;
			buildActionMask = 2147483647;
			files = (
			);
			runOnlyForDeploymentPostprocessing = 0;
		};
/* End PBXSourcesBuildPhase section */

/* Begin XCBuildConfiguration section */
		B90000000000000000000001 /* Debug */ = {
			isa = XCBuildConfiguration;
			baseConfigurationReference = B10000000000000000000010 /* Spike.xcconfig */;
			buildSettings = {
			};
			name = Debug;
		};
		B90000000000000000000002 /* Release */ = {
			isa = XCBuildConfiguration;
			baseConfigurationReference = B10000000000000000000010 /* Spike.xcconfig */;
			buildSettings = {
			};
			name = Release;
		};
		B90000000000000000000003 /* Debug */ = {
			isa = XCBuildConfiguration;
			baseConfigurationReference = B10000000000000000000010 /* Spike.xcconfig */;
			buildSettings = {
			};
			name = Debug;
		};
		B90000000000000000000004 /* Release */ = {
			isa = XCBuildConfiguration;
			baseConfigurationReference = B10000000000000000000010 /* Spike.xcconfig */;
			buildSettings = {
			};
			name = Release;
		};
/* End XCBuildConfiguration section */

/* Begin XCConfigurationList section */
		BA0000000000000000000001 /* Build configuration list for PBXProject "MapCanvasSpike" */ = {
			isa = XCConfigurationList;
			buildConfigurations = (
				B90000000000000000000001 /* Debug */,
				B90000000000000000000002 /* Release */,
			);
			defaultConfigurationIsVisible = 0;
			defaultConfigurationName = Debug;
		};
		BA0000000000000000000002 /* Build configuration list for PBXNativeTarget "MapCanvasSpike" */ = {
			isa = XCConfigurationList;
			buildConfigurations = (
				B90000000000000000000003 /* Debug */,
				B90000000000000000000004 /* Release */,
			);
			defaultConfigurationIsVisible = 0;
			defaultConfigurationName = Debug;
		};
/* End XCConfigurationList section */

/* Begin XCRemoteSwiftPackageReference section */
		B60000000000000000000001 /* XCRemoteSwiftPackageReference "maplibre-gl-native-distribution" */ = {
			isa = XCRemoteSwiftPackageReference;
			repositoryURL = "https://github.com/maplibre/maplibre-gl-native-distribution";
			requirement = {
				kind = exactVersion;
				version = 6.31.0;
			};
		};
/* End XCRemoteSwiftPackageReference section */

/* Begin XCSwiftPackageProductDependency section */
		B50000000000000000000001 /* MapLibre */ = {
			isa = XCSwiftPackageProductDependency;
			package = B60000000000000000000001 /* XCRemoteSwiftPackageReference "maplibre-gl-native-distribution" */;
			productName = MapLibre;
		};
/* End XCSwiftPackageProductDependency section */
	};
	rootObject = BB0000000000000000000001 /* Project object */;
}
